# Prisma Migrate lockfile v1

20200915013616-exion
20200915022446-exion
20200915024348-exion
20200915050927-exion
20200915083228-exion
20200916064602-exion
20200916065717-exion
20200916070010-exion
20200918010709-exion
20200918011908-exion
20200918014312-exion
20201008085732-exion
20201012013032-shooting-add-headcount
20201012095112-schedule-type-add-apply